
Microsoft Visual Studio Solution File, Format Version 12.00
# Visual Studio Version 17
VisualStudioVersion = 17.5.002.0
MinimumVisualStudioVersion = 10.0.40219.1
Project("{9A19103F-16F7-4668-BE54-9A1E7A4F7556}") = "PetsApi", "PetsApi.csproj", "{7B14E717-E358-4ECB-A0D1-9FD101AC019F}"
EndProject
Global
	GlobalSection(SolutionConfigurationPlatforms) = preSolution
		Debug|Any CPU = Debug|Any CPU
		Release|Any CPU = Release|Any CPU
	EndGlobalSection
	GlobalSection(ProjectConfigurationPlatforms) = postSolution
		{7B14E717-E358-4ECB-A0D1-9FD101AC019F}.Debug|Any CPU.ActiveCfg = Debug|Any CPU
		{7B14E717-E358-4ECB-A0D1-9FD101AC019F}.Debug|Any CPU.Build.0 = Debug|Any CPU
		{7B14E717-E358-4ECB-A0D1-9FD101AC019F}.Release|Any CPU.ActiveCfg = Release|Any CPU
		{7B14E717-E358-4ECB-A0D1-9FD101AC019F}.Release|Any CPU.Build.0 = Release|Any CPU
	EndGlobalSection
	GlobalSection(SolutionProperties) = preSolution
		HideSolutionNode = FALSE
	EndGlobalSection
	GlobalSection(ExtensibilityGlobals) = postSolution
		SolutionGuid = {08D5D3BE-A872-4784-851A-BD44944685AF}
	EndGlobalSection
EndGlobal
